
Microsoft Visual Studio Solution File, Format Version 12.00
# Visual Studio Version 17
VisualStudioVersion = 17.3.32922.545
MinimumVisualStudioVersion = 10.0.40219.1
Project("{FAE04EC0-301F-11D3-BF4B-00C04F79EFBC}") = "Snake", "Snake\Snake.csproj", "{FAAC8964-9054-4ECE-8077-866FAD750728}"
EndProject
Global
	GlobalSection(SolutionConfigurationPlatforms) = preSolution
		Debug|Any CPU = Debug|Any CPU
		Release|Any CPU = Release|Any CPU
	EndGlobalSection
	GlobalSection(ProjectConfigurationPlatforms) = postSolution
		{FAAC8964-9054-4ECE-8077-866FAD750728}.Debug|Any CPU.ActiveCfg = Debug|Any CPU
		{FAAC8964-9054-4ECE-8077-866FAD750728}.Debug|Any CPU.Build.0 = Debug|Any CPU
		{FAAC8964-9054-4ECE-8077-866FAD750728}.Release|Any CPU.ActiveCfg = Release|Any CPU
		{FAAC8964-9054-4ECE-8077-866FAD750728}.Release|Any CPU.Build.0 = Release|Any CPU
	EndGlobalSection
	GlobalSection(SolutionProperties) = preSolution
		HideSolutionNode = FALSE
	EndGlobalSection
	GlobalSection(ExtensibilityGlobals) = postSolution
		SolutionGuid = {6BD29C73-4892-4653-8CD8-318A6B152054}
	EndGlobalSection
EndGlobal
